
Microsoft Visual Studio Solution File, Format Version 12.00
# Visual Studio Version 16
VisualStudioVersion = 16.0.30404.54
MinimumVisualStudioVersion = 10.0.40219.1
Project("{FAE04EC0-301F-11D3-BF4B-00C04F79EFBC}") = "DMARC Setup", "DMARC Setup\DMARC Setup.csproj", "{4DA545E5-9EEE-45C8-8E15-A88763975442}"
EndProject
Global
	GlobalSection(SolutionConfigurationPlatforms) = preSolution
		Debug|Any CPU = Debug|Any CPU
		Release|Any CPU = Release|Any CPU
	EndGlobalSection
	GlobalSection(ProjectConfigurationPlatforms) = postSolution
		{4DA545E5-9EEE-45C8-8E15-A88763975442}.Debug|Any CPU.ActiveCfg = Debug|Any CPU
		{4DA545E5-9EEE-45C8-8E15-A88763975442}.Debug|Any CPU.Build.0 = Debug|Any CPU
		{4DA545E5-9EEE-45C8-8E15-A88763975442}.Release|Any CPU.ActiveCfg = Release|Any CPU
		{4DA545E5-9EEE-45C8-8E15-A88763975442}.Release|Any CPU.Build.0 = Release|Any CPU
	EndGlobalSection
	GlobalSection(SolutionProperties) = preSolution
		HideSolutionNode = FALSE
	EndGlobalSection
	GlobalSection(ExtensibilityGlobals) = postSolution
		SolutionGuid = {CD462CCA-C15F-4FB9-857B-A2E6AC07293D}
	EndGlobalSection
EndGlobal
